
Microsoft Visual Studio Solution File, Format Version 12.00
# Visual Studio Version 16
VisualStudioVersion = 16.0.31424.327
MinimumVisualStudioVersion = 10.0.40219.1
Project("{FAE04EC0-301F-11D3-BF4B-00C04F79EFBC}") = "IPMonitor.Service", "IPMonitor.Service\IPMonitor.Service.csproj", "{61E38E7C-A91E-43FB-8F50-9F8353046D2B}"
EndProject
Global
	GlobalSection(SolutionConfigurationPlatforms) = preSolution
		Debug|Any CPU = Debug|Any CPU
		Release|Any CPU = Release|Any CPU
	EndGlobalSection
	GlobalSection(ProjectConfigurationPlatforms) = postSolution
		{61E38E7C-A91E-43FB-8F50-9F8353046D2B}.Debug|Any CPU.ActiveCfg = Debug|Any CPU
		{61E38E7C-A91E-43FB-8F50-9F8353046D2B}.Debug|Any CPU.Build.0 = Debug|Any CPU
		{61E38E7C-A91E-43FB-8F50-9F8353046D2B}.Release|Any CPU.ActiveCfg = Release|Any CPU
		{61E38E7C-A91E-43FB-8F50-9F8353046D2B}.Release|Any CPU.Build.0 = Release|Any CPU
	EndGlobalSection
	GlobalSection(SolutionProperties) = preSolution
		HideSolutionNode = FALSE
	EndGlobalSection
	GlobalSection(ExtensibilityGlobals) = postSolution
		SolutionGuid = {D5947674-1024-4EB5-B3BB-5A017EC67B48}
	EndGlobalSection
EndGlobal
